<?xml version="1.0" encoding="UTF-8" standalone="yes" ?>
<CodeBlocks_project_file>
   <FileVersion major="1" minor="6" />
   <Project>
      <Option title="Allocator" />
      <Option makefile_is_custom="1" />
      <Option compiler="gcc" />
      <Option virtualFolders="CMake Files\;" />
      <Build>
      <Target title="all">
         <Option working_dir="/home/den/Allocator" />
         <Option type="4" />
         <MakeCommands>
            <Build command="/usr/bin/make -f &quot;/home/den/Allocator/Makefile&quot;  VERBOSE=1 all" />
            <CompileFile command="/usr/bin/make -f &quot;/home/den/Allocator/Makefile&quot;  VERBOSE=1 &quot;$file&quot;" />
            <Clean command="/usr/bin/make -f &quot;/home/den/Allocator/Makefile&quot;  VERBOSE=1 clean" />
            <DistClean command="/usr/bin/make -f &quot;/home/den/Allocator/Makefile&quot;  VERBOSE=1 clean" />
         </MakeCommands>
      </Target>
      <Target title="Allocator">
         <Option output="/home/den/Allocator/Allocator" prefix_auto="0" extension_auto="0" />
         <Option working_dir="/home/den/Allocator" />
         <Option object_output="./" />
         <Option type="1" />
         <Option compiler="gcc" />
         <Compiler>
            <Add directory="/home/den/Allocator/./hdr" />
            <Add directory="/home/den/Allocator/./src" />
            <Add directory="/home/den/Allocator/./tests" />
            <Add directory="/usr/include" />
            <Add directory="/usr/include/c++/4.8" />
            <Add directory="/usr/include/c++/4.8/backward" />
            <Add directory="/usr/include/x86_64-linux-gnu" />
            <Add directory="/usr/include/x86_64-linux-gnu/c++/4.8" />
            <Add directory="/usr/lib/gcc/x86_64-linux-gnu/4.8/include" />
            <Add directory="/usr/lib/gcc/x86_64-linux-gnu/4.8/include-fixed" />
            <Add directory="/usr/local/include" />
         </Compiler>
         <MakeCommands>
            <Build command="/usr/bin/make -f &quot;/home/den/Allocator/Makefile&quot;  VERBOSE=1 Allocator" />
            <CompileFile command="/usr/bin/make -f &quot;/home/den/Allocator/Makefile&quot;  VERBOSE=1 &quot;$file&quot;" />
            <Clean command="/usr/bin/make -f &quot;/home/den/Allocator/Makefile&quot;  VERBOSE=1 clean" />
            <DistClean command="/usr/bin/make -f &quot;/home/den/Allocator/Makefile&quot;  VERBOSE=1 clean" />
         </MakeCommands>
      </Target>
      <Target title="Allocator/fast">
         <Option output="/home/den/Allocator/Allocator" prefix_auto="0" extension_auto="0" />
         <Option working_dir="/home/den/Allocator" />
         <Option object_output="./" />
         <Option type="1" />
         <Option compiler="gcc" />
         <Compiler>
            <Add directory="/home/den/Allocator/./hdr" />
            <Add directory="/home/den/Allocator/./src" />
            <Add directory="/home/den/Allocator/./tests" />
            <Add directory="/usr/include" />
            <Add directory="/usr/include/c++/4.8" />
            <Add directory="/usr/include/c++/4.8/backward" />
            <Add directory="/usr/include/x86_64-linux-gnu" />
            <Add directory="/usr/include/x86_64-linux-gnu/c++/4.8" />
            <Add directory="/usr/lib/gcc/x86_64-linux-gnu/4.8/include" />
            <Add directory="/usr/lib/gcc/x86_64-linux-gnu/4.8/include-fixed" />
            <Add directory="/usr/local/include" />
         </Compiler>
         <MakeCommands>
            <Build command="/usr/bin/make -f &quot;/home/den/Allocator/Makefile&quot;  VERBOSE=1 Allocator/fast" />
            <CompileFile command="/usr/bin/make -f &quot;/home/den/Allocator/Makefile&quot;  VERBOSE=1 &quot;$file&quot;" />
            <Clean command="/usr/bin/make -f &quot;/home/den/Allocator/Makefile&quot;  VERBOSE=1 clean" />
            <DistClean command="/usr/bin/make -f &quot;/home/den/Allocator/Makefile&quot;  VERBOSE=1 clean" />
         </MakeCommands>
      </Target>
      <Target title="rebuild_cache">
         <Option working_dir="/home/den/Allocator" />
         <Option type="4" />
         <MakeCommands>
            <Build command="/usr/bin/make -f &quot;/home/den/Allocator/Makefile&quot;  VERBOSE=1 rebuild_cache" />
            <CompileFile command="/usr/bin/make -f &quot;/home/den/Allocator/Makefile&quot;  VERBOSE=1 &quot;$file&quot;" />
            <Clean command="/usr/bin/make -f &quot;/home/den/Allocator/Makefile&quot;  VERBOSE=1 clean" />
            <DistClean command="/usr/bin/make -f &quot;/home/den/Allocator/Makefile&quot;  VERBOSE=1 clean" />
         </MakeCommands>
      </Target>
      <Target title="test">
         <Option working_dir="/home/den/Allocator" />
         <Option type="4" />
         <MakeCommands>
            <Build command="/usr/bin/make -f &quot;/home/den/Allocator/Makefile&quot;  VERBOSE=1 test" />
            <CompileFile command="/usr/bin/make -f &quot;/home/den/Allocator/Makefile&quot;  VERBOSE=1 &quot;$file&quot;" />
            <Clean command="/usr/bin/make -f &quot;/home/den/Allocator/Makefile&quot;  VERBOSE=1 clean" />
            <DistClean command="/usr/bin/make -f &quot;/home/den/Allocator/Makefile&quot;  VERBOSE=1 clean" />
         </MakeCommands>
      </Target>
      <Target title="test1">
         <Option output="/home/den/Allocator/test1" prefix_auto="0" extension_auto="0" />
         <Option working_dir="/home/den/Allocator" />
         <Option object_output="./" />
         <Option type="1" />
         <Option compiler="gcc" />
         <Compiler>
            <Add directory="/home/den/Allocator/./hdr" />
            <Add directory="/home/den/Allocator/./src" />
            <Add directory="/home/den/Allocator/./tests" />
            <Add directory="/usr/include" />
            <Add directory="/usr/include/c++/4.8" />
            <Add directory="/usr/include/c++/4.8/backward" />
            <Add directory="/usr/include/x86_64-linux-gnu" />
            <Add directory="/usr/include/x86_64-linux-gnu/c++/4.8" />
            <Add directory="/usr/lib/gcc/x86_64-linux-gnu/4.8/include" />
            <Add directory="/usr/lib/gcc/x86_64-linux-gnu/4.8/include-fixed" />
            <Add directory="/usr/local/include" />
         </Compiler>
         <MakeCommands>
            <Build command="/usr/bin/make -f &quot;/home/den/Allocator/Makefile&quot;  VERBOSE=1 test1" />
            <CompileFile command="/usr/bin/make -f &quot;/home/den/Allocator/Makefile&quot;  VERBOSE=1 &quot;$file&quot;" />
            <Clean command="/usr/bin/make -f &quot;/home/den/Allocator/Makefile&quot;  VERBOSE=1 clean" />
            <DistClean command="/usr/bin/make -f &quot;/home/den/Allocator/Makefile&quot;  VERBOSE=1 clean" />
         </MakeCommands>
      </Target>
      <Target title="test1/fast">
         <Option output="/home/den/Allocator/test1" prefix_auto="0" extension_auto="0" />
         <Option working_dir="/home/den/Allocator" />
         <Option object_output="./" />
         <Option type="1" />
         <Option compiler="gcc" />
         <Compiler>
            <Add directory="/home/den/Allocator/./hdr" />
            <Add directory="/home/den/Allocator/./src" />
            <Add directory="/home/den/Allocator/./tests" />
            <Add directory="/usr/include" />
            <Add directory="/usr/include/c++/4.8" />
            <Add directory="/usr/include/c++/4.8/backward" />
            <Add directory="/usr/include/x86_64-linux-gnu" />
            <Add directory="/usr/include/x86_64-linux-gnu/c++/4.8" />
            <Add directory="/usr/lib/gcc/x86_64-linux-gnu/4.8/include" />
            <Add directory="/usr/lib/gcc/x86_64-linux-gnu/4.8/include-fixed" />
            <Add directory="/usr/local/include" />
         </Compiler>
         <MakeCommands>
            <Build command="/usr/bin/make -f &quot;/home/den/Allocator/Makefile&quot;  VERBOSE=1 test1/fast" />
            <CompileFile command="/usr/bin/make -f &quot;/home/den/Allocator/Makefile&quot;  VERBOSE=1 &quot;$file&quot;" />
            <Clean command="/usr/bin/make -f &quot;/home/den/Allocator/Makefile&quot;  VERBOSE=1 clean" />
            <DistClean command="/usr/bin/make -f &quot;/home/den/Allocator/Makefile&quot;  VERBOSE=1 clean" />
         </MakeCommands>
      </Target>
      <Target title="test2">
         <Option output="/home/den/Allocator/test2" prefix_auto="0" extension_auto="0" />
         <Option working_dir="/home/den/Allocator" />
         <Option object_output="./" />
         <Option type="1" />
         <Option compiler="gcc" />
         <Compiler>
            <Add directory="/home/den/Allocator/./hdr" />
            <Add directory="/home/den/Allocator/./src" />
            <Add directory="/home/den/Allocator/./tests" />
            <Add directory="/usr/include" />
            <Add directory="/usr/include/c++/4.8" />
            <Add directory="/usr/include/c++/4.8/backward" />
            <Add directory="/usr/include/x86_64-linux-gnu" />
            <Add directory="/usr/include/x86_64-linux-gnu/c++/4.8" />
            <Add directory="/usr/lib/gcc/x86_64-linux-gnu/4.8/include" />
            <Add directory="/usr/lib/gcc/x86_64-linux-gnu/4.8/include-fixed" />
            <Add directory="/usr/local/include" />
         </Compiler>
         <MakeCommands>
            <Build command="/usr/bin/make -f &quot;/home/den/Allocator/Makefile&quot;  VERBOSE=1 test2" />
            <CompileFile command="/usr/bin/make -f &quot;/home/den/Allocator/Makefile&quot;  VERBOSE=1 &quot;$file&quot;" />
            <Clean command="/usr/bin/make -f &quot;/home/den/Allocator/Makefile&quot;  VERBOSE=1 clean" />
            <DistClean command="/usr/bin/make -f &quot;/home/den/Allocator/Makefile&quot;  VERBOSE=1 clean" />
         </MakeCommands>
      </Target>
      <Target title="test2/fast">
         <Option output="/home/den/Allocator/test2" prefix_auto="0" extension_auto="0" />
         <Option working_dir="/home/den/Allocator" />
         <Option object_output="./" />
         <Option type="1" />
         <Option compiler="gcc" />
         <Compiler>
            <Add directory="/home/den/Allocator/./hdr" />
            <Add directory="/home/den/Allocator/./src" />
            <Add directory="/home/den/Allocator/./tests" />
            <Add directory="/usr/include" />
            <Add directory="/usr/include/c++/4.8" />
            <Add directory="/usr/include/c++/4.8/backward" />
            <Add directory="/usr/include/x86_64-linux-gnu" />
            <Add directory="/usr/include/x86_64-linux-gnu/c++/4.8" />
            <Add directory="/usr/lib/gcc/x86_64-linux-gnu/4.8/include" />
            <Add directory="/usr/lib/gcc/x86_64-linux-gnu/4.8/include-fixed" />
            <Add directory="/usr/local/include" />
         </Compiler>
         <MakeCommands>
            <Build command="/usr/bin/make -f &quot;/home/den/Allocator/Makefile&quot;  VERBOSE=1 test2/fast" />
            <CompileFile command="/usr/bin/make -f &quot;/home/den/Allocator/Makefile&quot;  VERBOSE=1 &quot;$file&quot;" />
            <Clean command="/usr/bin/make -f &quot;/home/den/Allocator/Makefile&quot;  VERBOSE=1 clean" />
            <DistClean command="/usr/bin/make -f &quot;/home/den/Allocator/Makefile&quot;  VERBOSE=1 clean" />
         </MakeCommands>
      </Target>
      </Build>
      <Unit filename="/home/den/Allocator/src/heap.cpp">
      </Unit>
      <Unit filename="/home/den/Allocator/src/main.cpp">
      </Unit>
      <Unit filename="/home/den/Allocator/src/mm.cpp">
      </Unit>
      <Unit filename="/home/den/Allocator/src/thread_safe_mm.cpp">
      </Unit>
      <Unit filename="/home/den/Allocator/hdr/block.h">
      </Unit>
      <Unit filename="/home/den/Allocator/hdr/heap.h">
      </Unit>
      <Unit filename="/home/den/Allocator/hdr/mem_exception.h">
      </Unit>
      <Unit filename="/home/den/Allocator/hdr/memlib.h">
      </Unit>
      <Unit filename="/home/den/Allocator/hdr/mm.h">
      </Unit>
      <Unit filename="/home/den/Allocator/hdr/my_alloc.h">
      </Unit>
      <Unit filename="/home/den/Allocator/hdr/thread_safe_mm.h">
      </Unit>
      <Unit filename="/home/den/Allocator/tests/macro.h">
      </Unit>
      <Unit filename="/home/den/Allocator/tests/test1.h">
      </Unit>
      <Unit filename="/home/den/Allocator/tests/test2.h">
      </Unit>
      <Unit filename="/home/den/Allocator/CMakeLists.txt">
          <Option virtualFolder="CMake Files\" />
      </Unit>
   </Project>
</CodeBlocks_project_file>
